
Microsoft Visual Studio Solution File, Format Version 12.00
# Visual Studio Version 16
VisualStudioVersion = 16.0.31702.278
MinimumVisualStudioVersion = 10.0.40219.1
Project("{2150E333-8FDC-42A3-9474-1A3956D46DE8}") = "Task0", "Task0", "{2956059A-1579-4AD4-993F-76CFEBA03E33}"
EndProject
Project("{FAE04EC0-301F-11D3-BF4B-00C04F79EFBC}") = "Tyuiu.AramaAG.Sprint5.Task0.V14", "Tyuiu.AramaAG.Sprint5.Task0.V14\Tyuiu.AramaAG.Sprint5.Task0.V14.csproj", "{CA26392B-D86C-4D44-9125-1B9FD73857E6}"
EndProject
Project("{FAE04EC0-301F-11D3-BF4B-00C04F79EFBC}") = "Tyuiu.AramaAG.Sprint5.Task0.V14.Test", "Tyuiu.AramaAG.Sprint5.Task0.V14.Test\Tyuiu.AramaAG.Sprint5.Task0.V14.Test.csproj", "{55E9A2CB-9635-4F69-88D6-9ED554FBF289}"
EndProject
Project("{FAE04EC0-301F-11D3-BF4B-00C04F79EFBC}") = "Tyuiu.AramaAG.Sprint5.Task0.V14.Lib", "Tyuiu.AramaAG.Sprint5.Task0.V14.Lib\Tyuiu.AramaAG.Sprint5.Task0.V14.Lib.csproj", "{7FA99295-28DE-4927-B6F6-5AF5B90EC561}"
EndProject
Project("{2150E333-8FDC-42A3-9474-1A3956D46DE8}") = "Task1", "Task1", "{25585DEF-8EB8-4709-9494-D30D4DFC0267}"
EndProject
Project("{FAE04EC0-301F-11D3-BF4B-00C04F79EFBC}") = "Tyuiu.AramaAG.Sprint5.Task1.V24", "Tyuiu.AramaAG.Sprint5.Task1.V24\Tyuiu.AramaAG.Sprint5.Task1.V24.csproj", "{6ECDED1A-7C33-4222-9741-75DDA736F9FE}"
EndProject
Project("{FAE04EC0-301F-11D3-BF4B-00C04F79EFBC}") = "Tyuiu.AramaAG.Sprint5.Task1.V24.Test", "Tyuiu.AramaAG.Sprint5.Task1.V24.Test\Tyuiu.AramaAG.Sprint5.Task1.V24.Test.csproj", "{A358B43A-4DA6-43CB-B1C0-E4A01B01BC60}"
EndProject
Project("{FAE04EC0-301F-11D3-BF4B-00C04F79EFBC}") = "Tyuiu.AramaAG.Sprint5.Task1.V24.Lib", "Tyuiu.AramaAG.Sprint5.Task1.V24.Lib\Tyuiu.AramaAG.Sprint5.Task1.V24.Lib.csproj", "{15112C73-A593-4C40-A6A3-198AC94BDACB}"
EndProject
Project("{2150E333-8FDC-42A3-9474-1A3956D46DE8}") = "Task2", "Task2", "{B0D973D9-FC6F-4ED0-9974-CAFFA3CC152C}"
EndProject
Project("{FAE04EC0-301F-11D3-BF4B-00C04F79EFBC}") = "Tyuiu.AramaAG.Sprint5.Task2.V4", "Tyuiu.AramaAG.Sprint5.Task2.V4\Tyuiu.AramaAG.Sprint5.Task2.V4.csproj", "{B703756C-E883-4B67-88E5-7377C603D223}"
EndProject
Project("{FAE04EC0-301F-11D3-BF4B-00C04F79EFBC}") = "Tyuiu.AramaAG.Sprint5.Task2.V4.Test", "Tyuiu.AramaAG.Sprint5.Task2.V4.Test\Tyuiu.AramaAG.Sprint5.Task2.V4.Test.csproj", "{EE63A3A4-36D6-43D8-8431-07A457062DD2}"
EndProject
Project("{FAE04EC0-301F-11D3-BF4B-00C04F79EFBC}") = "Tyuiu.AramaAG.Sprint5.Task2.V4.Lib", "Tyuiu.AramaAG.Sprint5.Task2.V4.Lib\Tyuiu.AramaAG.Sprint5.Task2.V4.Lib.csproj", "{2F28F9AB-2D67-4F2E-9E89-3C03D728B711}"
EndProject
Project("{2150E333-8FDC-42A3-9474-1A3956D46DE8}") = "Task3", "Task3", "{84508A22-D407-40E2-923F-D004C3CCC1BE}"
EndProject
Project("{FAE04EC0-301F-11D3-BF4B-00C04F79EFBC}") = "Tyuiu.AramaAG.Sprint5.Task3.V19", "Tyuiu.AramaAG.Sprint5.Task3.V19\Tyuiu.AramaAG.Sprint5.Task3.V19.csproj", "{BC48BBCE-0CE5-457F-8F3B-3D87CF60D807}"
EndProject
Project("{FAE04EC0-301F-11D3-BF4B-00C04F79EFBC}") = "Tyuiu.AramaAG.Sprint5.Task3.V19.Test", "Tyuiu.AramaAG.Sprint5.Task3.V19.Test\Tyuiu.AramaAG.Sprint5.Task3.V19.Test.csproj", "{035C0DCD-4291-4085-951C-C18DCC2FAD4C}"
EndProject
Project("{FAE04EC0-301F-11D3-BF4B-00C04F79EFBC}") = "Tyuiu.AramaAG.Sprint5.Task3.V19.Lib", "Tyuiu.AramaAG.Sprint5.Task3.V19.Lib\Tyuiu.AramaAG.Sprint5.Task3.V19.Lib.csproj", "{45150610-612E-4190-A108-ED8FE628276A}"
EndProject
Project("{2150E333-8FDC-42A3-9474-1A3956D46DE8}") = "Task4", "Task4", "{2DD9A221-381E-45A7-806D-65FC7E9153CB}"
EndProject
Project("{FAE04EC0-301F-11D3-BF4B-00C04F79EFBC}") = "Tyuiu.AramaAG.Sprint5.Task4.V10", "Tyuiu.AramaAG.Sprint5.Task4.V10\Tyuiu.AramaAG.Sprint5.Task4.V10.csproj", "{EA442610-8F56-4CED-ADBA-A343130D4F68}"
EndProject
Project("{FAE04EC0-301F-11D3-BF4B-00C04F79EFBC}") = "Tyuiu.AramaAG.Sprint5.Task4.V10.Test", "Tyuiu.AramaAG.Sprint5.Task4.V10.Test\Tyuiu.AramaAG.Sprint5.Task4.V10.Test.csproj", "{6262DE67-5CD3-4066-8D7A-DA457A14672C}"
EndProject
Project("{FAE04EC0-301F-11D3-BF4B-00C04F79EFBC}") = "Tyuiu.AramaAG.Sprint5.Task4.V10.Lib", "Tyuiu.AramaAG.Sprint5.Task4.V10.Lib\Tyuiu.AramaAG.Sprint5.Task4.V10.Lib.csproj", "{153B575D-EEF2-4700-B461-0D12DCB59E5D}"
EndProject
Global
	GlobalSection(SolutionConfigurationPlatforms) = preSolution
		Debug|Any CPU = Debug|Any CPU
		Release|Any CPU = Release|Any CPU
	EndGlobalSection
	GlobalSection(ProjectConfigurationPlatforms) = postSolution
		{CA26392B-D86C-4D44-9125-1B9FD73857E6}.Debug|Any CPU.ActiveCfg = Debug|Any CPU
		{CA26392B-D86C-4D44-9125-1B9FD73857E6}.Debug|Any CPU.Build.0 = Debug|Any CPU
		{CA26392B-D86C-4D44-9125-1B9FD73857E6}.Release|Any CPU.ActiveCfg = Release|Any CPU
		{CA26392B-D86C-4D44-9125-1B9FD73857E6}.Release|Any CPU.Build.0 = Release|Any CPU
		{55E9A2CB-9635-4F69-88D6-9ED554FBF289}.Debug|Any CPU.ActiveCfg = Debug|Any CPU
		{55E9A2CB-9635-4F69-88D6-9ED554FBF289}.Debug|Any CPU.Build.0 = Debug|Any CPU
		{55E9A2CB-9635-4F69-88D6-9ED554FBF289}.Release|Any CPU.ActiveCfg = Release|Any CPU
		{55E9A2CB-9635-4F69-88D6-9ED554FBF289}.Release|Any CPU.Build.0 = Release|Any CPU
		{7FA99295-28DE-4927-B6F6-5AF5B90EC561}.Debug|Any CPU.ActiveCfg = Debug|Any CPU
		{7FA99295-28DE-4927-B6F6-5AF5B90EC561}.Debug|Any CPU.Build.0 = Debug|Any CPU
		{7FA99295-28DE-4927-B6F6-5AF5B90EC561}.Release|Any CPU.ActiveCfg = Release|Any CPU
		{7FA99295-28DE-4927-B6F6-5AF5B90EC561}.Release|Any CPU.Build.0 = Release|Any CPU
		{6ECDED1A-7C33-4222-9741-75DDA736F9FE}.Debug|Any CPU.ActiveCfg = Debug|Any CPU
		{6ECDED1A-7C33-4222-9741-75DDA736F9FE}.Debug|Any CPU.Build.0 = Debug|Any CPU
		{6ECDED1A-7C33-4222-9741-75DDA736F9FE}.Release|Any CPU.ActiveCfg = Release|Any CPU
		{6ECDED1A-7C33-4222-9741-75DDA736F9FE}.Release|Any CPU.Build.0 = Release|Any CPU
		{A358B43A-4DA6-43CB-B1C0-E4A01B01BC60}.Debug|Any CPU.ActiveCfg = Debug|Any CPU
		{A358B43A-4DA6-43CB-B1C0-E4A01B01BC60}.Debug|Any CPU.Build.0 = Debug|Any CPU
		{A358B43A-4DA6-43CB-B1C0-E4A01B01BC60}.Release|Any CPU.ActiveCfg = Release|Any CPU
		{A358B43A-4DA6-43CB-B1C0-E4A01B01BC60}.Release|Any CPU.Build.0 = Release|Any CPU
		{15112C73-A593-4C40-A6A3-198AC94BDACB}.Debug|Any CPU.ActiveCfg = Debug|Any CPU
		{15112C73-A593-4C40-A6A3-198AC94BDACB}.Debug|Any CPU.Build.0 = Debug|Any CPU
		{15112C73-A593-4C40-A6A3-198AC94BDACB}.Release|Any CPU.ActiveCfg = Release|Any CPU
		{15112C73-A593-4C40-A6A3-198AC94BDACB}.Release|Any CPU.Build.0 = Release|Any CPU
		{B703756C-E883-4B67-88E5-7377C603D223}.Debug|Any CPU.ActiveCfg = Debug|Any CPU
		{B703756C-E883-4B67-88E5-7377C603D223}.Debug|Any CPU.Build.0 = Debug|Any CPU
		{B703756C-E883-4B67-88E5-7377C603D223}.Release|Any CPU.ActiveCfg = Release|Any CPU
		{B703756C-E883-4B67-88E5-7377C603D223}.Release|Any CPU.Build.0 = Release|Any CPU
		{EE63A3A4-36D6-43D8-8431-07A457062DD2}.Debug|Any CPU.ActiveCfg = Debug|Any CPU
		{EE63A3A4-36D6-43D8-8431-07A457062DD2}.Debug|Any CPU.Build.0 = Debug|Any CPU
		{EE63A3A4-36D6-43D8-8431-07A457062DD2}.Release|Any CPU.ActiveCfg = Release|Any CPU
		{EE63A3A4-36D6-43D8-8431-07A457062DD2}.Release|Any CPU.Build.0 = Release|Any CPU
		{2F28F9AB-2D67-4F2E-9E89-3C03D728B711}.Debug|Any CPU.ActiveCfg = Debug|Any CPU
		{2F28F9AB-2D67-4F2E-9E89-3C03D728B711}.Debug|Any CPU.Build.0 = Debug|Any CPU
		{2F28F9AB-2D67-4F2E-9E89-3C03D728B711}.Release|Any CPU.ActiveCfg = Release|Any CPU
		{2F28F9AB-2D67-4F2E-9E89-3C03D728B711}.Release|Any CPU.Build.0 = Release|Any CPU
		{BC48BBCE-0CE5-457F-8F3B-3D87CF60D807}.Debug|Any CPU.ActiveCfg = Debug|Any CPU
		{BC48BBCE-0CE5-457F-8F3B-3D87CF60D807}.Debug|Any CPU.Build.0 = Debug|Any CPU
		{BC48BBCE-0CE5-457F-8F3B-3D87CF60D807}.Release|Any CPU.ActiveCfg = Release|Any CPU
		{BC48BBCE-0CE5-457F-8F3B-3D87CF60D807}.Release|Any CPU.Build.0 = Release|Any CPU
		{035C0DCD-4291-4085-951C-C18DCC2FAD4C}.Debug|Any CPU.ActiveCfg = Debug|Any CPU
		{035C0DCD-4291-4085-951C-C18DCC2FAD4C}.Debug|Any CPU.Build.0 = Debug|Any CPU
		{035C0DCD-4291-4085-951C-C18DCC2FAD4C}.Release|Any CPU.ActiveCfg = Release|Any CPU
		{035C0DCD-4291-4085-951C-C18DCC2FAD4C}.Release|Any CPU.Build.0 = Release|Any CPU
		{45150610-612E-4190-A108-ED8FE628276A}.Debug|Any CPU.ActiveCfg = Debug|Any CPU
		{45150610-612E-4190-A108-ED8FE628276A}.Debug|Any CPU.Build.0 = Debug|Any CPU
		{45150610-612E-4190-A108-ED8FE628276A}.Release|Any CPU.ActiveCfg = Release|Any CPU
		{45150610-612E-4190-A108-ED8FE628276A}.Release|Any CPU.Build.0 = Release|Any CPU
		{EA442610-8F56-4CED-ADBA-A343130D4F68}.Debug|Any CPU.ActiveCfg = Debug|Any CPU
		{EA442610-8F56-4CED-ADBA-A343130D4F68}.Debug|Any CPU.Build.0 = Debug|Any CPU
		{EA442610-8F56-4CED-ADBA-A343130D4F68}.Release|Any CPU.ActiveCfg = Release|Any CPU
		{EA442610-8F56-4CED-ADBA-A343130D4F68}.Release|Any CPU.Build.0 = Release|Any CPU
		{6262DE67-5CD3-4066-8D7A-DA457A14672C}.Debug|Any CPU.ActiveCfg = Debug|Any CPU
		{6262DE67-5CD3-4066-8D7A-DA457A14672C}.Debug|Any CPU.Build.0 = Debug|Any CPU
		{6262DE67-5CD3-4066-8D7A-DA457A14672C}.Release|Any CPU.ActiveCfg = Release|Any CPU
		{6262DE67-5CD3-4066-8D7A-DA457A14672C}.Release|Any CPU.Build.0 = Release|Any CPU
		{153B575D-EEF2-4700-B461-0D12DCB59E5D}.Debug|Any CPU.ActiveCfg = Debug|Any CPU
		{153B575D-EEF2-4700-B461-0D12DCB59E5D}.Debug|Any CPU.Build.0 = Debug|Any CPU
		{153B575D-EEF2-4700-B461-0D12DCB59E5D}.Release|Any CPU.ActiveCfg = Release|Any CPU
		{153B575D-EEF2-4700-B461-0D12DCB59E5D}.Release|Any CPU.Build.0 = Release|Any CPU
	EndGlobalSection
	GlobalSection(SolutionProperties) = preSolution
		HideSolutionNode = FALSE
	EndGlobalSection
	GlobalSection(NestedProjects) = preSolution
		{CA26392B-D86C-4D44-9125-1B9FD73857E6} = {2956059A-1579-4AD4-993F-76CFEBA03E33}
		{55E9A2CB-9635-4F69-88D6-9ED554FBF289} = {2956059A-1579-4AD4-993F-76CFEBA03E33}
		{7FA99295-28DE-4927-B6F6-5AF5B90EC561} = {2956059A-1579-4AD4-993F-76CFEBA03E33}
		{6ECDED1A-7C33-4222-9741-75DDA736F9FE} = {25585DEF-8EB8-4709-9494-D30D4DFC0267}
		{A358B43A-4DA6-43CB-B1C0-E4A01B01BC60} = {25585DEF-8EB8-4709-9494-D30D4DFC0267}
		{15112C73-A593-4C40-A6A3-198AC94BDACB} = {25585DEF-8EB8-4709-9494-D30D4DFC0267}
		{B703756C-E883-4B67-88E5-7377C603D223} = {B0D973D9-FC6F-4ED0-9974-CAFFA3CC152C}
		{EE63A3A4-36D6-43D8-8431-07A457062DD2} = {B0D973D9-FC6F-4ED0-9974-CAFFA3CC152C}
		{2F28F9AB-2D67-4F2E-9E89-3C03D728B711} = {B0D973D9-FC6F-4ED0-9974-CAFFA3CC152C}
		{BC48BBCE-0CE5-457F-8F3B-3D87CF60D807} = {84508A22-D407-40E2-923F-D004C3CCC1BE}
		{035C0DCD-4291-4085-951C-C18DCC2FAD4C} = {84508A22-D407-40E2-923F-D004C3CCC1BE}
		{45150610-612E-4190-A108-ED8FE628276A} = {84508A22-D407-40E2-923F-D004C3CCC1BE}
		{EA442610-8F56-4CED-ADBA-A343130D4F68} = {2DD9A221-381E-45A7-806D-65FC7E9153CB}
		{6262DE67-5CD3-4066-8D7A-DA457A14672C} = {2DD9A221-381E-45A7-806D-65FC7E9153CB}
		{153B575D-EEF2-4700-B461-0D12DCB59E5D} = {2DD9A221-381E-45A7-806D-65FC7E9153CB}
	EndGlobalSection
	GlobalSection(ExtensibilityGlobals) = postSolution
		SolutionGuid = {699197C1-A143-4DF5-A42E-8B2C8DB8C243}
	EndGlobalSection
EndGlobal
